// !$*UTF8*$!
{
	archiveVersion = 1;
	classes = {
	};
	objectVersion = 51;
	objects = {

/* Begin PBXBuildFile section */
		07DF85FFEC31CF4C317988AB /* Pods_Healthy_Rush.framework in Frameworks */ = {isa = PBXBuildFile; fileRef = AEA75BB2076C5AF43F3FE736 /* Pods_Healthy_Rush.framework */; };
		62B125C425DEE04500B7471E /* Interface.storyboard in Resources */ = {isa = PBXBuildFile; fileRef = 62B125C225DEE04500B7471E /* Interface.storyboard */; };
		62B125C625DEE04500B7471E /* Assets.xcassets in Resources */ = {isa = PBXBuildFile; fileRef = 62B125C525DEE04500B7471E /* Assets.xcassets */; };
		62B125CD25DEE04500B7471E /* Healthy Rush WatchApp Extension.appex in Embed App Extensions */ = {isa = PBXBuildFile; fileRef = 62B125CC25DEE04500B7471E /* Healthy Rush WatchApp Extension.appex */; settings = {ATTRIBUTES = (RemoveHeadersOnCopy, ); }; };
		62B125DA25DEE04500B7471E /* Assets.xcassets in Resources */ = {isa = PBXBuildFile; fileRef = 62B125D925DEE04500B7471E /* Assets.xcassets */; };
		62B125DF25DEE04500B7471E /* Healthy Rush WatchApp.app in Embed Watch Content */ = {isa = PBXBuildFile; fileRef = 62B125C025DEE04500B7471E /* Healthy Rush WatchApp.app */; settings = {ATTRIBUTES = (RemoveHeadersOnCopy, ); }; };
		62EA6C0D25E17371006DF000 /* Types.swift in Sources */ = {isa = PBXBuildFile; fileRef = 62EA6C0C25E17371006DF000 /* Types.swift */; };
		AC261FA826774F7A00D1D5DA /* Assets.xcassets in Resources */ = {isa = PBXBuildFile; fileRef = AC261FA626774F7A00D1D5DA /* Assets.xcassets */; };
		AC261FA926774F7A00D1D5DA /* fireworks.sks in Resources */ = {isa = PBXBuildFile; fileRef = AC261FA726774F7A00D1D5DA /* fireworks.sks */; };
		AC261FB12677525700D1D5DA /* newRecord.wav in Resources */ = {isa = PBXBuildFile; fileRef = AC261FB02677525700D1D5DA /* newRecord.wav */; };
		AC2BC32A2678AEF500C05B01 /* ControllerSetting.swift in Sources */ = {isa = PBXBuildFile; fileRef = AC2BC3292678AEF500C05B01 /* ControllerSetting.swift */; };
		AC2BC32F2678AEFC00C05B01 /* PlayerSetting.swift in Sources */ = {isa = PBXBuildFile; fileRef = AC2BC32E2678AEFC00C05B01 /* PlayerSetting.swift */; };
		AC2BC3352678D3B400C05B01 /* HealthKit.framework in Frameworks */ = {isa = PBXBuildFile; fileRef = AC2BC3342678D3B400C05B01 /* HealthKit.framework */; };
		AC2BC33A2678D5EC00C05B01 /* AppDelegate.swift in Sources */ = {isa = PBXBuildFile; fileRef = AC2BC3392678D5EC00C05B01 /* AppDelegate.swift */; };
		AC2BC3442678D62200C05B01 /* GameScene.swift in Sources */ = {isa = PBXBuildFile; fileRef = AC2BC3412678D62100C05B01 /* GameScene.swift */; };
		AC2BC3452678D62200C05B01 /* MainMenu.swift in Sources */ = {isa = PBXBuildFile; fileRef = AC2BC3422678D62200C05B01 /* MainMenu.swift */; };
		AC2BC3462678D62200C05B01 /* GameOver.swift in Sources */ = {isa = PBXBuildFile; fileRef = AC2BC3432678D62200C05B01 /* GameOver.swift */; };
		AC2BC3512678D6E300C05B01 /* ComplicationController.swift in Sources */ = {isa = PBXBuildFile; fileRef = AC2BC34D2678D6E200C05B01 /* ComplicationController.swift */; };
		AC2BC3522678D6E300C05B01 /* ExtensionDelegate.swift in Sources */ = {isa = PBXBuildFile; fileRef = AC2BC34E2678D6E200C05B01 /* ExtensionDelegate.swift */; };
		AC2BC3532678D6E300C05B01 /* NotificationController.swift in Sources */ = {isa = PBXBuildFile; fileRef = AC2BC34F2678D6E300C05B01 /* NotificationController.swift */; };
		AC2BC3542678D6E300C05B01 /* InterfaceController.swift in Sources */ = {isa = PBXBuildFile; fileRef = AC2BC3502678D6E300C05B01 /* InterfaceController.swift */; };
		AC2BC35C2678D79400C05B01 /* Assets.xcassets in Resources */ = {isa = PBXBuildFile; fileRef = AC2BC35B2678D79400C05B01 /* Assets.xcassets */; };
		AC6273222677AFE3005893A4 /* trex.wav in Resources */ = {isa = PBXBuildFile; fileRef = AC6273212677AFE3005893A4 /* trex.wav */; };
		AC6273272677B232005893A4 /* indiana.wav in Resources */ = {isa = PBXBuildFile; fileRef = AC6273262677B232005893A4 /* indiana.wav */; };
		CC15AEF725D9242D0014EB61 /* SKTAudio.swift in Sources */ = {isa = PBXBuildFile; fileRef = CC15AEF625D9242D0014EB61 /* SKTAudio.swift */; };
		CC15AEFA25D9281B0014EB61 /* SKAction+Ext.swift in Sources */ = {isa = PBXBuildFile; fileRef = CC15AEF925D9281B0014EB61 /* SKAction+Ext.swift */; };
		CC37F64225D88D71003BA290 /* ScoreGenerator.swift in Sources */ = {isa = PBXBuildFile; fileRef = CC37F64125D88D71003BA290 /* ScoreGenerator.swift */; };
		CC4F27472635E0D9001CF955 /* SparkService.swift in Sources */ = {isa = PBXBuildFile; fileRef = CC4F27422635E0D9001CF955 /* SparkService.swift */; };
		CC4F27482635E0D9001CF955 /* SparkSetup.swift in Sources */ = {isa = PBXBuildFile; fileRef = CC4F27432635E0D9001CF955 /* SparkSetup.swift */; };
		CC4F27492635E0D9001CF955 /* SparkKeys.swift in Sources */ = {isa = PBXBuildFile; fileRef = CC4F27442635E0D9001CF955 /* SparkKeys.swift */; };
		CC4F274A2635E0D9001CF955 /* Spark.swift in Sources */ = {isa = PBXBuildFile; fileRef = CC4F27452635E0D9001CF955 /* Spark.swift */; };
		CC4F274B2635E0D9001CF955 /* SparkModels.swift in Sources */ = {isa = PBXBuildFile; fileRef = CC4F27462635E0D9001CF955 /* SparkModels.swift */; };
		CC4F27982635EE57001CF955 /* GoogleService-Info.plist in Resources */ = {isa = PBXBuildFile; fileRef = CC4F27972635EE57001CF955 /* GoogleService-Info.plist */; };
		CC51944325E2DECB002E2DEA /* buttonSound.wav in Resources */ = {isa = PBXBuildFile; fileRef = CC51944225E2DECB002E2DEA /* buttonSound.wav */; };
		CC51944825E2DED7002E2DEA /* diamondLost.wav in Resources */ = {isa = PBXBuildFile; fileRef = CC51944725E2DED7002E2DEA /* diamondLost.wav */; };
		CC51944D25E2DEDF002E2DEA /* playerSelect.mp3 in Resources */ = {isa = PBXBuildFile; fileRef = CC51944C25E2DEDF002E2DEA /* playerSelect.mp3 */; };
		CC52E55525D9E337001F3A8C /* diamond.wav in Resources */ = {isa = PBXBuildFile; fileRef = CC52E55025D9E337001F3A8C /* diamond.wav */; };
		CC52E55625D9E337001F3A8C /* gameOver.wav in Resources */ = {isa = PBXBuildFile; fileRef = CC52E55125D9E337001F3A8C /* gameOver.wav */; };
		CC52E55725D9E337001F3A8C /* collision.wav in Resources */ = {isa = PBXBuildFile; fileRef = CC52E55225D9E337001F3A8C /* collision.wav */; };
		CC52E55825D9E337001F3A8C /* jump.wav in Resources */ = {isa = PBXBuildFile; fileRef = CC52E55325D9E337001F3A8C /* jump.wav */; };
		CC52E55925D9E337001F3A8C /* backgroundMusic.mp3 in Resources */ = {isa = PBXBuildFile; fileRef = CC52E55425D9E337001F3A8C /* backgroundMusic.mp3 */; };
		CC57C07526569A380084CE20 /* AVCaptureVideoOrientation+Extension.swift in Sources */ = {isa = PBXBuildFile; fileRef = CC57C07026569A380084CE20 /* AVCaptureVideoOrientation+Extension.swift */; };
		CC57C07626569A380084CE20 /* VideoCapture.swift in Sources */ = {isa = PBXBuildFile; fileRef = CC57C07126569A380084CE20 /* VideoCapture.swift */; };
		CC57C07726569A380084CE20 /* Common.swift in Sources */ = {isa = PBXBuildFile; fileRef = CC57C07226569A380084CE20 /* Common.swift */; };
		CC57C07826569A380084CE20 /* BodyPoseProcessor.swift in Sources */ = {isa = PBXBuildFile; fileRef = CC57C07326569A380084CE20 /* BodyPoseProcessor.swift */; };
		CC57C07926569A380084CE20 /* VisioController.swift in Sources */ = {isa = PBXBuildFile; fileRef = CC57C07426569A380084CE20 /* VisioController.swift */; };
		CC59DEC525D486DB0089C664 /* GameScene.sks in Resources */ = {isa = PBXBuildFile; fileRef = CC59DEC425D486DB0089C664 /* GameScene.sks */; };
		CC59DEC725D486DB0089C664 /* Actions.sks in Resources */ = {isa = PBXBuildFile; fileRef = CC59DEC625D486DB0089C664 /* Actions.sks */; };
		CC59DECB25D486DB0089C664 /* GameViewController.swift in Sources */ = {isa = PBXBuildFile; fileRef = CC59DECA25D486DB0089C664 /* GameViewController.swift */; };
		CC59DECE25D486DB0089C664 /* Main.storyboard in Resources */ = {isa = PBXBuildFile; fileRef = CC59DECC25D486DB0089C664 /* Main.storyboard */; };
		CC59DEF525D48F000089C664 /* CGPoint+Ext.swift in Sources */ = {isa = PBXBuildFile; fileRef = CC59DEF425D48F000089C664 /* CGPoint+Ext.swift */; };
		CC59DEF925D4989A0089C664 /* CGFloat+Ext.swift in Sources */ = {isa = PBXBuildFile; fileRef = CC59DEF825D4989A0089C664 /* CGFloat+Ext.swift */; };
		CC5BFE35261CE71B001030FB /* LaunchScreen.storyboard in Resources */ = {isa = PBXBuildFile; fileRef = CC5BFE34261CE71B001030FB /* LaunchScreen.storyboard */; };
		CC86DA402673A0960004A5CE /* SKNodeExtension.swift in Sources */ = {isa = PBXBuildFile; fileRef = CC86DA3F2673A0960004A5CE /* SKNodeExtension.swift */; };
		CC86DA422673B8EE0004A5CE /* GesturesCapture.swift in Sources */ = {isa = PBXBuildFile; fileRef = CC86DA412673B8EE0004A5CE /* GesturesCapture.swift */; };
		CCD7EA962675E62400362135 /* CircularProgressBar.swift in Sources */ = {isa = PBXBuildFile; fileRef = CCD7EA952675E62400362135 /* CircularProgressBar.swift */; };
/* End PBXBuildFile section */

/* Begin PBXContainerItemProxy section */
		62B125CE25DEE04500B7471E /* PBXContainerItemProxy */ = {
			isa = PBXContainerItemProxy;
			containerPortal = CC59DEB725D486DB0089C664 /* Project object */;
			proxyType = 1;
			remoteGlobalIDString = 62B125CB25DEE04500B7471E;
			remoteInfo = "Healthy Rush WatchApp Extension";
		};
		62B125DD25DEE04500B7471E /* PBXContainerItemProxy */ = {
			isa = PBXContainerItemProxy;
			containerPortal = CC59DEB725D486DB0089C664 /* Project object */;
			proxyType = 1;
			remoteGlobalIDString = 62B125BF25DEE04500B7471E;
			remoteInfo = "Healthy Rush WatchApp";
		};
/* End PBXContainerItemProxy section */

/* Begin PBXCopyFilesBuildPhase section */
		62B125E025DEE04500B7471E /* Embed Watch Content */ = {
			isa = PBXCopyFilesBuildPhase;
			buildActionMask = 2147483647;
			dstPath = "$(CONTENTS_FOLDER_PATH)/Watch";
			dstSubfolderSpec = 16;
			files = (
				62B125DF25DEE04500B7471E /* Healthy Rush WatchApp.app in Embed Watch Content */,
			);
			name = "Embed Watch Content";
			runOnlyForDeploymentPostprocessing = 0;
		};
		62B125E325DEE04500B7471E /* Embed App Extensions */ = {
			isa = PBXCopyFilesBuildPhase;
			buildActionMask = 2147483647;
			dstPath = "";
			dstSubfolderSpec = 13;
			files = (
				62B125CD25DEE04500B7471E /* Healthy Rush WatchApp Extension.appex in Embed App Extensions */,
			);
			name = "Embed App Extensions";
			runOnlyForDeploymentPostprocessing = 0;
		};
/* End PBXCopyFilesBuildPhase section */

/* Begin PBXFileReference section */
		54687C9068215E0E08B8375C /* Pods-Healthy Rush.debug.xcconfig */ = {isa = PBXFileReference; includeInIndex = 1; lastKnownFileType = text.xcconfig; name = "Pods-Healthy Rush.debug.xcconfig"; path = "Target Support Files/Pods-Healthy Rush/Pods-Healthy Rush.debug.xcconfig"; sourceTree = "<group>"; };
		62B125C025DEE04500B7471E /* Healthy Rush WatchApp.app */ = {isa = PBXFileReference; explicitFileType = wrapper.application; includeInIndex = 0; path = "Healthy Rush WatchApp.app"; sourceTree = BUILT_PRODUCTS_DIR; };
		62B125C325DEE04500B7471E /* Base */ = {isa = PBXFileReference; lastKnownFileType = file.storyboard; name = Base; path = Base.lproj/Interface.storyboard; sourceTree = "<group>"; };
		62B125C525DEE04500B7471E /* Assets.xcassets */ = {isa = PBXFileReference; lastKnownFileType = folder.assetcatalog; path = Assets.xcassets; sourceTree = "<group>"; };
		62B125C725DEE04500B7471E /* Info.plist */ = {isa = PBXFileReference; lastKnownFileType = text.plist.xml; path = Info.plist; sourceTree = "<group>"; };
		62B125CC25DEE04500B7471E /* Healthy Rush WatchApp Extension.appex */ = {isa = PBXFileReference; explicitFileType = "wrapper.app-extension"; includeInIndex = 0; path = "Healthy Rush WatchApp Extension.appex"; sourceTree = BUILT_PRODUCTS_DIR; };
		62B125D925DEE04500B7471E /* Assets.xcassets */ = {isa = PBXFileReference; lastKnownFileType = folder.assetcatalog; path = Assets.xcassets; sourceTree = "<group>"; };
		62B125DB25DEE04500B7471E /* Info.plist */ = {isa = PBXFileReference; lastKnownFileType = text.plist.xml; path = Info.plist; sourceTree = "<group>"; };
		62B125DC25DEE04500B7471E /* PushNotificationPayload.apns */ = {isa = PBXFileReference; lastKnownFileType = text; path = PushNotificationPayload.apns; sourceTree = "<group>"; };
		62EA6C0C25E17371006DF000 /* Types.swift */ = {isa = PBXFileReference; lastKnownFileType = sourcecode.swift; path = Types.swift; sourceTree = "<group>"; };
		AC261FA626774F7A00D1D5DA /* Assets.xcassets */ = {isa = PBXFileReference; lastKnownFileType = folder.assetcatalog; path = Assets.xcassets; sourceTree = "<group>"; };
		AC261FA726774F7A00D1D5DA /* fireworks.sks */ = {isa = PBXFileReference; lastKnownFileType = file.sks; path = fireworks.sks; sourceTree = "<group>"; };
		AC261FB02677525700D1D5DA /* newRecord.wav */ = {isa = PBXFileReference; lastKnownFileType = audio.wav; path = newRecord.wav; sourceTree = "<group>"; };
		AC2BC3292678AEF500C05B01 /* ControllerSetting.swift */ = {isa = PBXFileReference; fileEncoding = 4; lastKnownFileType = sourcecode.swift; path = ControllerSetting.swift; sourceTree = "<group>"; };
		AC2BC32E2678AEFC00C05B01 /* PlayerSetting.swift */ = {isa = PBXFileReference; fileEncoding = 4; lastKnownFileType = sourcecode.swift; path = PlayerSetting.swift; sourceTree = "<group>"; };
		AC2BC3332678D3B400C05B01 /* Healthy Rush WatchApp Extension.entitlements */ = {isa = PBXFileReference; lastKnownFileType = text.plist.entitlements; path = "Healthy Rush WatchApp Extension.entitlements"; sourceTree = "<group>"; };
		AC2BC3342678D3B400C05B01 /* HealthKit.framework */ = {isa = PBXFileReference; lastKnownFileType = wrapper.framework; name = HealthKit.framework; path = Platforms/WatchOS.platform/Developer/SDKs/WatchOS7.2.sdk/System/Library/Frameworks/HealthKit.framework; sourceTree = DEVELOPER_DIR; };
		AC2BC3392678D5EC00C05B01 /* AppDelegate.swift */ = {isa = PBXFileReference; fileEncoding = 4; lastKnownFileType = sourcecode.swift; path = AppDelegate.swift; sourceTree = "<group>"; };
		AC2BC3412678D62100C05B01 /* GameScene.swift */ = {isa = PBXFileReference; fileEncoding = 4; lastKnownFileType = sourcecode.swift; path = GameScene.swift; sourceTree = "<group>"; };
		AC2BC3422678D62200C05B01 /* MainMenu.swift */ = {isa = PBXFileReference; fileEncoding = 4; lastKnownFileType = sourcecode.swift; path = MainMenu.swift; sourceTree = "<group>"; };
		AC2BC3432678D62200C05B01 /* GameOver.swift */ = {isa = PBXFileReference; fileEncoding = 4; lastKnownFileType = sourcecode.swift; path = GameOver.swift; sourceTree = "<group>"; };
		AC2BC34D2678D6E200C05B01 /* ComplicationController.swift */ = {isa = PBXFileReference; fileEncoding = 4; lastKnownFileType = sourcecode.swift; path = ComplicationController.swift; sourceTree = "<group>"; };
		AC2BC34E2678D6E200C05B01 /* ExtensionDelegate.swift */ = {isa = PBXFileReference; fileEncoding = 4; lastKnownFileType = sourcecode.swift; path = ExtensionDelegate.swift; sourceTree = "<group>"; };
		AC2BC34F2678D6E300C05B01 /* NotificationController.swift */ = {isa = PBXFileReference; fileEncoding = 4; lastKnownFileType = sourcecode.swift; path = NotificationController.swift; sourceTree = "<group>"; };
		AC2BC3502678D6E300C05B01 /* InterfaceController.swift */ = {isa = PBXFileReference; fileEncoding = 4; lastKnownFileType = sourcecode.swift; path = InterfaceController.swift; sourceTree = "<group>"; };
		AC2BC35B2678D79400C05B01 /* Assets.xcassets */ = {isa = PBXFileReference; lastKnownFileType = folder.assetcatalog; path = Assets.xcassets; sourceTree = "<group>"; };
		AC6273212677AFE3005893A4 /* trex.wav */ = {isa = PBXFileReference; lastKnownFileType = audio.wav; path = trex.wav; sourceTree = "<group>"; };
		AC6273262677B232005893A4 /* indiana.wav */ = {isa = PBXFileReference; lastKnownFileType = audio.wav; path = indiana.wav; sourceTree = "<group>"; };
		AEA75BB2076C5AF43F3FE736 /* Pods_Healthy_Rush.framework */ = {isa = PBXFileReference; explicitFileType = wrapper.framework; includeInIndex = 0; path = Pods_Healthy_Rush.framework; sourceTree = BUILT_PRODUCTS_DIR; };
		CC15AEF625D9242D0014EB61 /* SKTAudio.swift */ = {isa = PBXFileReference; lastKnownFileType = sourcecode.swift; path = SKTAudio.swift; sourceTree = "<group>"; };
		CC15AEF925D9281B0014EB61 /* SKAction+Ext.swift */ = {isa = PBXFileReference; lastKnownFileType = sourcecode.swift; path = "SKAction+Ext.swift"; sourceTree = "<group>"; };
		CC37F64125D88D71003BA290 /* ScoreGenerator.swift */ = {isa = PBXFileReference; lastKnownFileType = sourcecode.swift; path = ScoreGenerator.swift; sourceTree = "<group>"; };
		CC4F27422635E0D9001CF955 /* SparkService.swift */ = {isa = PBXFileReference; fileEncoding = 4; lastKnownFileType = sourcecode.swift; path = SparkService.swift; sourceTree = "<group>"; };
		CC4F27432635E0D9001CF955 /* SparkSetup.swift */ = {isa = PBXFileReference; fileEncoding = 4; lastKnownFileType = sourcecode.swift; path = SparkSetup.swift; sourceTree = "<group>"; };
		CC4F27442635E0D9001CF955 /* SparkKeys.swift */ = {isa = PBXFileReference; fileEncoding = 4; lastKnownFileType = sourcecode.swift; path = SparkKeys.swift; sourceTree = "<group>"; };
		CC4F27452635E0D9001CF955 /* Spark.swift */ = {isa = PBXFileReference; fileEncoding = 4; lastKnownFileType = sourcecode.swift; path = Spark.swift; sourceTree = "<group>"; };
		CC4F27462635E0D9001CF955 /* SparkModels.swift */ = {isa = PBXFileReference; fileEncoding = 4; lastKnownFileType = sourcecode.swift; path = SparkModels.swift; sourceTree = "<group>"; };
		CC4F27972635EE57001CF955 /* GoogleService-Info.plist */ = {isa = PBXFileReference; fileEncoding = 4; lastKnownFileType = text.plist.xml; path = "GoogleService-Info.plist"; sourceTree = "<group>"; };
		CC51944225E2DECB002E2DEA /* buttonSound.wav */ = {isa = PBXFileReference; lastKnownFileType = audio.wav; path = buttonSound.wav; sourceTree = "<group>"; };
		CC51944725E2DED7002E2DEA /* diamondLost.wav */ = {isa = PBXFileReference; lastKnownFileType = audio.wav; path = diamondLost.wav; sourceTree = "<group>"; };
		CC51944C25E2DEDF002E2DEA /* playerSelect.mp3 */ = {isa = PBXFileReference; lastKnownFileType = audio.mp3; path = playerSelect.mp3; sourceTree = "<group>"; };
		CC52E55025D9E337001F3A8C /* diamond.wav */ = {isa = PBXFileReference; lastKnownFileType = audio.wav; path = diamond.wav; sourceTree = "<group>"; };
		CC52E55125D9E337001F3A8C /* gameOver.wav */ = {isa = PBXFileReference; lastKnownFileType = audio.wav; path = gameOver.wav; sourceTree = "<group>"; };
		CC52E55225D9E337001F3A8C /* collision.wav */ = {isa = PBXFileReference; lastKnownFileType = audio.wav; path = collision.wav; sourceTree = "<group>"; };
		CC52E55325D9E337001F3A8C /* jump.wav */ = {isa = PBXFileReference; lastKnownFileType = audio.wav; path = jump.wav; sourceTree = "<group>"; };
		CC52E55425D9E337001F3A8C /* backgroundMusic.mp3 */ = {isa = PBXFileReference; lastKnownFileType = audio.mp3; path = backgroundMusic.mp3; sourceTree = "<group>"; };
		CC57C07026569A380084CE20 /* AVCaptureVideoOrientation+Extension.swift */ = {isa = PBXFileReference; fileEncoding = 4; lastKnownFileType = sourcecode.swift; path = "AVCaptureVideoOrientation+Extension.swift"; sourceTree = "<group>"; };
		CC57C07126569A380084CE20 /* VideoCapture.swift */ = {isa = PBXFileReference; fileEncoding = 4; lastKnownFileType = sourcecode.swift; path = VideoCapture.swift; sourceTree = "<group>"; };
		CC57C07226569A380084CE20 /* Common.swift */ = {isa = PBXFileReference; fileEncoding = 4; lastKnownFileType = sourcecode.swift; path = Common.swift; sourceTree = "<group>"; };
		CC57C07326569A380084CE20 /* BodyPoseProcessor.swift */ = {isa = PBXFileReference; fileEncoding = 4; lastKnownFileType = sourcecode.swift; path = BodyPoseProcessor.swift; sourceTree = "<group>"; };
		CC57C07426569A380084CE20 /* VisioController.swift */ = {isa = PBXFileReference; fileEncoding = 4; lastKnownFileType = sourcecode.swift; path = VisioController.swift; sourceTree = "<group>"; };
		CC59DEBF25D486DB0089C664 /* Healthy Rush.app */ = {isa = PBXFileReference; explicitFileType = wrapper.application; includeInIndex = 0; path = "Healthy Rush.app"; sourceTree = BUILT_PRODUCTS_DIR; };
		CC59DEC425D486DB0089C664 /* GameScene.sks */ = {isa = PBXFileReference; lastKnownFileType = file.sks; path = GameScene.sks; sourceTree = "<group>"; };
		CC59DEC625D486DB0089C664 /* Actions.sks */ = {isa = PBXFileReference; lastKnownFileType = file.sks; path = Actions.sks; sourceTree = "<group>"; };
		CC59DECA25D486DB0089C664 /* GameViewController.swift */ = {isa = PBXFileReference; lastKnownFileType = sourcecode.swift; path = GameViewController.swift; sourceTree = "<group>"; };
		CC59DECD25D486DB0089C664 /* Base */ = {isa = PBXFileReference; lastKnownFileType = file.storyboard; name = Base; path = Base.lproj/Main.storyboard; sourceTree = "<group>"; };
		CC59DED125D486DC0089C664 /* Info.plist */ = {isa = PBXFileReference; lastKnownFileType = text.plist.xml; path = Info.plist; sourceTree = "<group>"; };
		CC59DEF425D48F000089C664 /* CGPoint+Ext.swift */ = {isa = PBXFileReference; lastKnownFileType = sourcecode.swift; path = "CGPoint+Ext.swift"; sourceTree = "<group>"; };
		CC59DEF825D4989A0089C664 /* CGFloat+Ext.swift */ = {isa = PBXFileReference; lastKnownFileType = sourcecode.swift; path = "CGFloat+Ext.swift"; sourceTree = "<group>"; };
		CC5BFE34261CE71B001030FB /* LaunchScreen.storyboard */ = {isa = PBXFileReference; fileEncoding = 4; lastKnownFileType = file.storyboard; path = LaunchScreen.storyboard; sourceTree = "<group>"; };
		CC86DA3F2673A0960004A5CE /* SKNodeExtension.swift */ = {isa = PBXFileReference; lastKnownFileType = sourcecode.swift; path = SKNodeExtension.swift; sourceTree = "<group>"; };
		CC86DA412673B8EE0004A5CE /* GesturesCapture.swift */ = {isa = PBXFileReference; lastKnownFileType = sourcecode.swift; path = GesturesCapture.swift; sourceTree = "<group>"; };
		CCBD64CC261A37E400FD5995 /* Healthy Rush.entitlements */ = {isa = PBXFileReference; lastKnownFileType = text.plist.entitlements; path = "Healthy Rush.entitlements"; sourceTree = "<group>"; };
		CCD7EA952675E62400362135 /* CircularProgressBar.swift */ = {isa = PBXFileReference; fileEncoding = 4; lastKnownFileType = sourcecode.swift; path = CircularProgressBar.swift; sourceTree = "<group>"; };
		D5B3573A8A87ED176D286262 /* Pods-Healthy Rush.release.xcconfig */ = {isa = PBXFileReference; includeInIndex = 1; lastKnownFileType = text.xcconfig; name = "Pods-Healthy Rush.release.xcconfig"; path = "Target Support Files/Pods-Healthy Rush/Pods-Healthy Rush.release.xcconfig"; sourceTree = "<group>"; };
/* End PBXFileReference section */

/* Begin PBXFrameworksBuildPhase section */
		1FD56EDC3E0196851F0FAFC7 /* Frameworks */ = {
			isa = PBXFrameworksBuildPhase;
			buildActionMask = 2147483647;
			files = (
			);
			runOnlyForDeploymentPostprocessing = 0;
		};
		62B125C925DEE04500B7471E /* Frameworks */ = {
			isa = PBXFrameworksBuildPhase;
			buildActionMask = 2147483647;
			files = (
				AC2BC3352678D3B400C05B01 /* HealthKit.framework in Frameworks */,
			);
			runOnlyForDeploymentPostprocessing = 0;
		};
		CC59DEBC25D486DB0089C664 /* Frameworks */ = {
			isa = PBXFrameworksBuildPhase;
			buildActionMask = 2147483647;
			files = (
				07DF85FFEC31CF4C317988AB /* Pods_Healthy_Rush.framework in Frameworks */,
			);
			runOnlyForDeploymentPostprocessing = 0;
		};
/* End PBXFrameworksBuildPhase section */

/* Begin PBXGroup section */
		33372384452366211DB8CA22 /* Frameworks */ = {
			isa = PBXGroup;
			children = (
				AC2BC3342678D3B400C05B01 /* HealthKit.framework */,
				AEA75BB2076C5AF43F3FE736 /* Pods_Healthy_Rush.framework */,
			);
			name = Frameworks;
			sourceTree = "<group>";
		};
		62B125C125DEE04500B7471E /* Healthy Rush WatchApp */ = {
			isa = PBXGroup;
			children = (
				62B125C225DEE04500B7471E /* Interface.storyboard */,
				62B125C525DEE04500B7471E /* Assets.xcassets */,
				62B125C725DEE04500B7471E /* Info.plist */,
			);
			path = "Healthy Rush WatchApp";
			sourceTree = "<group>";
		};
		62B125D025DEE04500B7471E /* Healthy Rush WatchApp Extension */ = {
			isa = PBXGroup;
			children = (
				AC2BC34D2678D6E200C05B01 /* ComplicationController.swift */,
				AC2BC34E2678D6E200C05B01 /* ExtensionDelegate.swift */,
				AC2BC3502678D6E300C05B01 /* InterfaceController.swift */,
				AC2BC34F2678D6E300C05B01 /* NotificationController.swift */,
				AC2BC3332678D3B400C05B01 /* Healthy Rush WatchApp Extension.entitlements */,
				62B125D925DEE04500B7471E /* Assets.xcassets */,
				62B125DB25DEE04500B7471E /* Info.plist */,
				62B125DC25DEE04500B7471E /* PushNotificationPayload.apns */,
			);
			path = "Healthy Rush WatchApp Extension";
			sourceTree = "<group>";
		};
		9FEA532EB0E798CD60313C2E /* Pods */ = {
			isa = PBXGroup;
			children = (
				54687C9068215E0E08B8375C /* Pods-Healthy Rush.debug.xcconfig */,
				D5B3573A8A87ED176D286262 /* Pods-Healthy Rush.release.xcconfig */,
			);
			path = Pods;
			sourceTree = "<group>";
		};
		AC261FA526774F7A00D1D5DA /* Effects */ = {
			isa = PBXGroup;
			children = (
				AC261FA626774F7A00D1D5DA /* Assets.xcassets */,
				AC261FA726774F7A00D1D5DA /* fireworks.sks */,
			);
			name = Effects;
			path = "Healthy Rush/Effects";
			sourceTree = SOURCE_ROOT;
		};
		CC4F27412635E0BF001CF955 /* Spark */ = {
			isa = PBXGroup;
			children = (
				CC4F27452635E0D9001CF955 /* Spark.swift */,
				CC4F27442635E0D9001CF955 /* SparkKeys.swift */,
				CC4F27462635E0D9001CF955 /* SparkModels.swift */,
				CC4F27422635E0D9001CF955 /* SparkService.swift */,
				CC4F27432635E0D9001CF955 /* SparkSetup.swift */,
			);
			path = Spark;
			sourceTree = "<group>";
		};
		CC57C06F26569A380084CE20 /* visioPose controller */ = {
			isa = PBXGroup;
			children = (
				CC57C07026569A380084CE20 /* AVCaptureVideoOrientation+Extension.swift */,
				CC57C07126569A380084CE20 /* VideoCapture.swift */,
				CC57C07226569A380084CE20 /* Common.swift */,
				CC57C07326569A380084CE20 /* BodyPoseProcessor.swift */,
				CC57C07426569A380084CE20 /* VisioController.swift */,
			);
			path = "visioPose controller";
			sourceTree = "<group>";
		};
		CC59DEB625D486DB0089C664 = {
			isa = PBXGroup;
			children = (
				CC59DEC125D486DB0089C664 /* Healthy Rush */,
				62B125C125DEE04500B7471E /* Healthy Rush WatchApp */,
				62B125D025DEE04500B7471E /* Healthy Rush WatchApp Extension */,
				CC59DEC025D486DB0089C664 /* Products */,
				9FEA532EB0E798CD60313C2E /* Pods */,
				33372384452366211DB8CA22 /* Frameworks */,
			);
			sourceTree = "<group>";
		};
		CC59DEC025D486DB0089C664 /* Products */ = {
			isa = PBXGroup;
			children = (
				CC59DEBF25D486DB0089C664 /* Healthy Rush.app */,
				62B125C025DEE04500B7471E /* Healthy Rush WatchApp.app */,
				62B125CC25DEE04500B7471E /* Healthy Rush WatchApp Extension.appex */,
			);
			name = Products;
			sourceTree = "<group>";
		};
		CC59DEC125D486DB0089C664 /* Healthy Rush */ = {
			isa = PBXGroup;
			children = (
				CC4F27972635EE57001CF955 /* GoogleService-Info.plist */,
				CCBD64CC261A37E400FD5995 /* Healthy Rush.entitlements */,
				AC2BC3392678D5EC00C05B01 /* AppDelegate.swift */,
				CC59DEC425D486DB0089C664 /* GameScene.sks */,
				CC59DEC625D486DB0089C664 /* Actions.sks */,
				CC4F27412635E0BF001CF955 /* Spark */,
				AC261FA526774F7A00D1D5DA /* Effects */,
				CC74199325D73A00007EC6B8 /* Types */,
				CC59DEF325D48ED70089C664 /* MyUtilis */,
				CC59DEDB25D487270089C664 /* Scenes */,
				CC59DED925D4871C0089C664 /* Controllers */,
				CC59DEE725D48B790089C664 /* Sound */,
				CC59DED825D4870C0089C664 /* Resources */,
			);
			path = "Healthy Rush";
			sourceTree = "<group>";
		};
		CC59DED825D4870C0089C664 /* Resources */ = {
			isa = PBXGroup;
			children = (
				AC2BC35B2678D79400C05B01 /* Assets.xcassets */,
				CC59DECC25D486DB0089C664 /* Main.storyboard */,
				CC5BFE34261CE71B001030FB /* LaunchScreen.storyboard */,
				CC59DED125D486DC0089C664 /* Info.plist */,
			);
			path = Resources;
			sourceTree = "<group>";
		};
		CC59DED925D4871C0089C664 /* Controllers */ = {
			isa = PBXGroup;
			children = (
				CC57C06F26569A380084CE20 /* visioPose controller */,
				CC59DECA25D486DB0089C664 /* GameViewController.swift */,
			);
			path = Controllers;
			sourceTree = "<group>";
		};
		CC59DEDB25D487270089C664 /* Scenes */ = {
			isa = PBXGroup;
			children = (
				AC2BC3432678D62200C05B01 /* GameOver.swift */,
				AC2BC3412678D62100C05B01 /* GameScene.swift */,
				AC2BC3422678D62200C05B01 /* MainMenu.swift */,
			);
			path = Scenes;
			sourceTree = "<group>";
		};
		CC59DEE725D48B790089C664 /* Sound */ = {
			isa = PBXGroup;
			children = (
				AC6273262677B232005893A4 /* indiana.wav */,
				AC6273212677AFE3005893A4 /* trex.wav */,
				AC261FB02677525700D1D5DA /* newRecord.wav */,
				CC52E55425D9E337001F3A8C /* backgroundMusic.mp3 */,
				CC52E55025D9E337001F3A8C /* diamond.wav */,
				CC51944225E2DECB002E2DEA /* buttonSound.wav */,
				CC51944725E2DED7002E2DEA /* diamondLost.wav */,
				CC52E55125D9E337001F3A8C /* gameOver.wav */,
				CC52E55225D9E337001F3A8C /* collision.wav */,
				CC51944C25E2DEDF002E2DEA /* playerSelect.mp3 */,
				CC52E55325D9E337001F3A8C /* jump.wav */,
			);
			path = Sound;
			sourceTree = "<group>";
		};
		CC59DEF325D48ED70089C664 /* MyUtilis */ = {
			isa = PBXGroup;
			children = (
				CC59DEF425D48F000089C664 /* CGPoint+Ext.swift */,
				CC59DEF825D4989A0089C664 /* CGFloat+Ext.swift */,
				CC15AEF625D9242D0014EB61 /* SKTAudio.swift */,
				CC15AEF925D9281B0014EB61 /* SKAction+Ext.swift */,
				CC86DA3F2673A0960004A5CE /* SKNodeExtension.swift */,
				CCD7EA952675E62400362135 /* CircularProgressBar.swift */,
				CC86DA412673B8EE0004A5CE /* GesturesCapture.swift */,
			);
			path = MyUtilis;
			sourceTree = "<group>";
		};
		CC74199325D73A00007EC6B8 /* Types */ = {
			isa = PBXGroup;
			children = (
				CC37F64125D88D71003BA290 /* ScoreGenerator.swift */,
				AC2BC3292678AEF500C05B01 /* ControllerSetting.swift */,
				AC2BC32E2678AEFC00C05B01 /* PlayerSetting.swift */,
				62EA6C0C25E17371006DF000 /* Types.swift */,
			);
			path = Types;
			sourceTree = "<group>";
		};
/* End PBXGroup section */

/* Begin PBXNativeTarget section */
		62B125BF25DEE04500B7471E /* Healthy Rush WatchApp */ = {
			isa = PBXNativeTarget;
			buildConfigurationList = 62B125E725DEE04500B7471E /* Build configuration list for PBXNativeTarget "Healthy Rush WatchApp" */;
			buildPhases = (
				62B125BE25DEE04500B7471E /* Resources */,
				62B125E325DEE04500B7471E /* Embed App Extensions */,
				1FD56EDC3E0196851F0FAFC7 /* Frameworks */,
			);
			buildRules = (
			);
			dependencies = (
				62B125CF25DEE04500B7471E /* PBXTargetDependency */,
			);
			name = "Healthy Rush WatchApp";
			productName = "Healthy Rush WatchApp";
			productReference = 62B125C025DEE04500B7471E /* Healthy Rush WatchApp.app */;
			productType = "com.apple.product-type.application.watchapp2";
		};
		62B125CB25DEE04500B7471E /* Healthy Rush WatchApp Extension */ = {
			isa = PBXNativeTarget;
			buildConfigurationList = 62B125E625DEE04500B7471E /* Build configuration list for PBXNativeTarget "Healthy Rush WatchApp Extension" */;
			buildPhases = (
				62B125C825DEE04500B7471E /* Sources */,
				62B125C925DEE04500B7471E /* Frameworks */,
				62B125CA25DEE04500B7471E /* Resources */,
			);
			buildRules = (
			);
			dependencies = (
			);
			name = "Healthy Rush WatchApp Extension";
			productName = "Healthy Rush WatchApp Extension";
			productReference = 62B125CC25DEE04500B7471E /* Healthy Rush WatchApp Extension.appex */;
			productType = "com.apple.product-type.watchkit2-extension";
		};
		CC59DEBE25D486DB0089C664 /* Healthy Rush */ = {
			isa = PBXNativeTarget;
			buildConfigurationList = CC59DED425D486DC0089C664 /* Build configuration list for PBXNativeTarget "Healthy Rush" */;
			buildPhases = (
				D6DADFEF6D82B5EFFADB388A /* [CP] Check Pods Manifest.lock */,
				CC59DEBB25D486DB0089C664 /* Sources */,
				CC59DEBC25D486DB0089C664 /* Frameworks */,
				CC59DEBD25D486DB0089C664 /* Resources */,
				62B125E025DEE04500B7471E /* Embed Watch Content */,
				A42F7EDC6C90967D67CA4303 /* [CP] Embed Pods Frameworks */,
			);
			buildRules = (
			);
			dependencies = (
				62B125DE25DEE04500B7471E /* PBXTargetDependency */,
			);
			name = "Healthy Rush";
			productName = "Healthy Rush";
			productReference = CC59DEBF25D486DB0089C664 /* Healthy Rush.app */;
			productType = "com.apple.product-type.application";
		};
/* End PBXNativeTarget section */

/* Begin PBXProject section */
		CC59DEB725D486DB0089C664 /* Project object */ = {
			isa = PBXProject;
			attributes = {
				LastSwiftUpdateCheck = 1240;
				LastUpgradeCheck = 1240;
				TargetAttributes = {
					62B125BF25DEE04500B7471E = {
						CreatedOnToolsVersion = 12.4;
					};
					62B125CB25DEE04500B7471E = {
						CreatedOnToolsVersion = 12.4;
						LastSwiftMigration = 1240;
					};
					CC59DEBE25D486DB0089C664 = {
						CreatedOnToolsVersion = 12.4;
					};
				};
			};
			buildConfigurationList = CC59DEBA25D486DB0089C664 /* Build configuration list for PBXProject "Healthy Rush" */;
			compatibilityVersion = "Xcode 9.3";
			developmentRegion = en;
			hasScannedForEncodings = 0;
			knownRegions = (
				en,
				Base,
			);
			mainGroup = CC59DEB625D486DB0089C664;
			productRefGroup = CC59DEC025D486DB0089C664 /* Products */;
			projectDirPath = "";
			projectRoot = "";
			targets = (
				CC59DEBE25D486DB0089C664 /* Healthy Rush */,
				62B125BF25DEE04500B7471E /* Healthy Rush WatchApp */,
				62B125CB25DEE04500B7471E /* Healthy Rush WatchApp Extension */,
			);
		};
/* End PBXProject section */

/* Begin PBXResourcesBuildPhase section */
		62B125BE25DEE04500B7471E /* Resources */ = {
			isa = PBXResourcesBuildPhase;
			buildActionMask = 2147483647;
			files = (
				62B125C625DEE04500B7471E /* Assets.xcassets in Resources */,
				62B125C425DEE04500B7471E /* Interface.storyboard in Resources */,
			);
			runOnlyForDeploymentPostprocessing = 0;
		};
		62B125CA25DEE04500B7471E /* Resources */ = {
			isa = PBXResourcesBuildPhase;
			buildActionMask = 2147483647;
			files = (
				62B125DA25DEE04500B7471E /* Assets.xcassets in Resources */,
			);
			runOnlyForDeploymentPostprocessing = 0;
		};
		CC59DEBD25D486DB0089C664 /* Resources */ = {
			isa = PBXResourcesBuildPhase;
			buildActionMask = 2147483647;
			files = (
				CC59DECE25D486DB0089C664 /* Main.storyboard in Resources */,
				CC59DEC525D486DB0089C664 /* GameScene.sks in Resources */,
				AC6273272677B232005893A4 /* indiana.wav in Resources */,
				AC2BC35C2678D79400C05B01 /* Assets.xcassets in Resources */,
				CC52E55625D9E337001F3A8C /* gameOver.wav in Resources */,
				AC261FA826774F7A00D1D5DA /* Assets.xcassets in Resources */,
				CC51944325E2DECB002E2DEA /* buttonSound.wav in Resources */,
				CC51944825E2DED7002E2DEA /* diamondLost.wav in Resources */,
				CC52E55525D9E337001F3A8C /* diamond.wav in Resources */,
				AC261FA926774F7A00D1D5DA /* fireworks.sks in Resources */,
				CC5BFE35261CE71B001030FB /* LaunchScreen.storyboard in Resources */,
				CC51944D25E2DEDF002E2DEA /* playerSelect.mp3 in Resources */,
				CC52E55825D9E337001F3A8C /* jump.wav in Resources */,
				CC59DEC725D486DB0089C664 /* Actions.sks in Resources */,
				CC52E55925D9E337001F3A8C /* backgroundMusic.mp3 in Resources */,
				AC261FB12677525700D1D5DA /* newRecord.wav in Resources */,
				AC6273222677AFE3005893A4 /* trex.wav in Resources */,
				CC52E55725D9E337001F3A8C /* collision.wav in Resources */,
				CC4F27982635EE57001CF955 /* GoogleService-Info.plist in Resources */,
			);
			runOnlyForDeploymentPostprocessing = 0;
		};
/* End PBXResourcesBuildPhase section */

/* Begin PBXShellScriptBuildPhase section */
		A42F7EDC6C90967D67CA4303 /* [CP] Embed Pods Frameworks */ = {
			isa = PBXShellScriptBuildPhase;
			buildActionMask = 2147483647;
			files = (
			);
			inputFileListPaths = (
				"${PODS_ROOT}/Target Support Files/Pods-Healthy Rush/Pods-Healthy Rush-frameworks-${CONFIGURATION}-input-files.xcfilelist",
			);
			name = "[CP] Embed Pods Frameworks";
			outputFileListPaths = (
				"${PODS_ROOT}/Target Support Files/Pods-Healthy Rush/Pods-Healthy Rush-frameworks-${CONFIGURATION}-output-files.xcfilelist",
			);
			runOnlyForDeploymentPostprocessing = 0;
			shellPath = /bin/sh;
			shellScript = "\"${PODS_ROOT}/Target Support Files/Pods-Healthy Rush/Pods-Healthy Rush-frameworks.sh\"\n";
			showEnvVarsInLog = 0;
		};
		D6DADFEF6D82B5EFFADB388A /* [CP] Check Pods Manifest.lock */ = {
			isa = PBXShellScriptBuildPhase;
			buildActionMask = 2147483647;
			files = (
			);
			inputFileListPaths = (
			);
			inputPaths = (
				"${PODS_PODFILE_DIR_PATH}/Podfile.lock",
				"${PODS_ROOT}/Manifest.lock",
			);
			name = "[CP] Check Pods Manifest.lock";
			outputFileListPaths = (
			);
			outputPaths = (
				"$(DERIVED_FILE_DIR)/Pods-Healthy Rush-checkManifestLockResult.txt",
			);
			runOnlyForDeploymentPostprocessing = 0;
			shellPath = /bin/sh;
			shellScript = "diff \"${PODS_PODFILE_DIR_PATH}/Podfile.lock\" \"${PODS_ROOT}/Manifest.lock\" > /dev/null\nif [ $? != 0 ] ; then\n    # print error to STDERR\n    echo \"error: The sandbox is not in sync with the Podfile.lock. Run 'pod install' or update your CocoaPods installation.\" >&2\n    exit 1\nfi\n# This output is used by Xcode 'outputs' to avoid re-running this script phase.\necho \"SUCCESS\" > \"${SCRIPT_OUTPUT_FILE_0}\"\n";
			showEnvVarsInLog = 0;
		};
/* End PBXShellScriptBuildPhase section */

/* Begin PBXSourcesBuildPhase section */
		62B125C825DEE04500B7471E /* Sources */ = {
			isa = PBXSourcesBuildPhase;
			buildActionMask = 2147483647;
			files = (
				AC2BC3532678D6E300C05B01 /* NotificationController.swift in Sources */,
				AC2BC3542678D6E300C05B01 /* InterfaceController.swift in Sources */,
				AC2BC3522678D6E300C05B01 /* ExtensionDelegate.swift in Sources */,
				AC2BC3512678D6E300C05B01 /* ComplicationController.swift in Sources */,
			);
			runOnlyForDeploymentPostprocessing = 0;
		};
		CC59DEBB25D486DB0089C664 /* Sources */ = {
			isa = PBXSourcesBuildPhase;
			buildActionMask = 2147483647;
			files = (
				CC59DEF525D48F000089C664 /* CGPoint+Ext.swift in Sources */,
				CC4F274B2635E0D9001CF955 /* SparkModels.swift in Sources */,
				CC15AEF725D9242D0014EB61 /* SKTAudio.swift in Sources */,
				AC2BC3462678D62200C05B01 /* GameOver.swift in Sources */,
				CC57C07826569A380084CE20 /* BodyPoseProcessor.swift in Sources */,
				AC2BC32A2678AEF500C05B01 /* ControllerSetting.swift in Sources */,
				AC2BC32F2678AEFC00C05B01 /* PlayerSetting.swift in Sources */,
				CC57C07626569A380084CE20 /* VideoCapture.swift in Sources */,
				AC2BC33A2678D5EC00C05B01 /* AppDelegate.swift in Sources */,
				CC37F64225D88D71003BA290 /* ScoreGenerator.swift in Sources */,
				CC15AEFA25D9281B0014EB61 /* SKAction+Ext.swift in Sources */,
				AC2BC3452678D62200C05B01 /* MainMenu.swift in Sources */,
				CC86DA402673A0960004A5CE /* SKNodeExtension.swift in Sources */,
				CCD7EA962675E62400362135 /* CircularProgressBar.swift in Sources */,
				CC57C07926569A380084CE20 /* VisioController.swift in Sources */,
				CC59DECB25D486DB0089C664 /* GameViewController.swift in Sources */,
				CC59DEF925D4989A0089C664 /* CGFloat+Ext.swift in Sources */,
				CC4F274A2635E0D9001CF955 /* Spark.swift in Sources */,
				CC4F27482635E0D9001CF955 /* SparkSetup.swift in Sources */,
				62EA6C0D25E17371006DF000 /* Types.swift in Sources */,
				AC2BC3442678D62200C05B01 /* GameScene.swift in Sources */,
				CC86DA422673B8EE0004A5CE /* GesturesCapture.swift in Sources */,
				CC4F27492635E0D9001CF955 /* SparkKeys.swift in Sources */,
				CC57C07726569A380084CE20 /* Common.swift in Sources */,
				CC57C07526569A380084CE20 /* AVCaptureVideoOrientation+Extension.swift in Sources */,
				CC4F27472635E0D9001CF955 /* SparkService.swift in Sources */,
			);
			runOnlyForDeploymentPostprocessing = 0;
		};
/* End PBXSourcesBuildPhase section */

/* Begin PBXTargetDependency section */
		62B125CF25DEE04500B7471E /* PBXTargetDependency */ = {
			isa = PBXTargetDependency;
			target = 62B125CB25DEE04500B7471E /* Healthy Rush WatchApp Extension */;
			targetProxy = 62B125CE25DEE04500B7471E /* PBXContainerItemProxy */;
		};
		62B125DE25DEE04500B7471E /* PBXTargetDependency */ = {
			isa = PBXTargetDependency;
			target = 62B125BF25DEE04500B7471E /* Healthy Rush WatchApp */;
			targetProxy = 62B125DD25DEE04500B7471E /* PBXContainerItemProxy */;
		};
/* End PBXTargetDependency section */

/* Begin PBXVariantGroup section */
		62B125C225DEE04500B7471E /* Interface.storyboard */ = {
			isa = PBXVariantGroup;
			children = (
				62B125C325DEE04500B7471E /* Base */,
			);
			name = Interface.storyboard;
			sourceTree = "<group>";
		};
		CC59DECC25D486DB0089C664 /* Main.storyboard */ = {
			isa = PBXVariantGroup;
			children = (
				CC59DECD25D486DB0089C664 /* Base */,
			);
			name = Main.storyboard;
			sourceTree = "<group>";
		};
/* End PBXVariantGroup section */

/* Begin XCBuildConfiguration section */
		62B125E125DEE04500B7471E /* Debug */ = {
			isa = XCBuildConfiguration;
			buildSettings = {
				ALWAYS_EMBED_SWIFT_STANDARD_LIBRARIES = YES;
				ASSETCATALOG_COMPILER_APPICON_NAME = AppIcon;
				ASSETCATALOG_COMPILER_GLOBAL_ACCENT_COLOR_NAME = AccentColor;
				CODE_SIGN_STYLE = Automatic;
				DEVELOPMENT_TEAM = 86RN233R34;
				IBSC_MODULE = Healthy_Rush_WatchApp_Extension;
				INFOPLIST_FILE = "Healthy Rush WatchApp/Info.plist";
				PRODUCT_BUNDLE_IDENTIFIER = "it.mario.Healthy-Rush.watchkitapp";
				PRODUCT_NAME = "$(TARGET_NAME)";
				SDKROOT = watchos;
				SKIP_INSTALL = YES;
				SWIFT_VERSION = 5.0;
				TARGETED_DEVICE_FAMILY = 4;
				WATCHOS_DEPLOYMENT_TARGET = 7.2;
			};
			name = Debug;
		};
		62B125E225DEE04500B7471E /* Release */ = {
			isa = XCBuildConfiguration;
			buildSettings = {
				ALWAYS_EMBED_SWIFT_STANDARD_LIBRARIES = YES;
				ASSETCATALOG_COMPILER_APPICON_NAME = AppIcon;
				ASSETCATALOG_COMPILER_GLOBAL_ACCENT_COLOR_NAME = AccentColor;
				CODE_SIGN_STYLE = Automatic;
				DEVELOPMENT_TEAM = 86RN233R34;
				IBSC_MODULE = Healthy_Rush_WatchApp_Extension;
				INFOPLIST_FILE = "Healthy Rush WatchApp/Info.plist";
				PRODUCT_BUNDLE_IDENTIFIER = "it.mario.Healthy-Rush.watchkitapp";
				PRODUCT_NAME = "$(TARGET_NAME)";
				SDKROOT = watchos;
				SKIP_INSTALL = YES;
				SWIFT_VERSION = 5.0;
				TARGETED_DEVICE_FAMILY = 4;
				WATCHOS_DEPLOYMENT_TARGET = 7.2;
			};
			name = Release;
		};
		62B125E425DEE04500B7471E /* Debug */ = {
			isa = XCBuildConfiguration;
			buildSettings = {
				ASSETCATALOG_COMPILER_COMPLICATION_NAME = Complication;
				CLANG_ENABLE_MODULES = YES;
				CODE_SIGN_ENTITLEMENTS = "Healthy Rush WatchApp Extension/Healthy Rush WatchApp Extension.entitlements";
				CODE_SIGN_STYLE = Automatic;
				DEVELOPMENT_TEAM = 86RN233R34;
				INFOPLIST_FILE = "Healthy Rush WatchApp Extension/Info.plist";
				LD_RUNPATH_SEARCH_PATHS = (
					"$(inherited)",
					"@executable_path/Frameworks",
					"@executable_path/../../Frameworks",
				);
				PRODUCT_BUNDLE_IDENTIFIER = "it.mario.Healthy-Rush.watchkitapp.watchkitextension";
				PRODUCT_NAME = "${TARGET_NAME}";
				SDKROOT = watchos;
				SKIP_INSTALL = YES;
				SWIFT_OPTIMIZATION_LEVEL = "-Onone";
				SWIFT_VERSION = 5.0;
				TARGETED_DEVICE_FAMILY = 4;
				WATCHOS_DEPLOYMENT_TARGET = 7.2;
			};
			name = Debug;
		};
		62B125E525DEE04500B7471E /* Release */ = {
			isa = XCBuildConfiguration;
			buildSettings = {
				ASSETCATALOG_COMPILER_COMPLICATION_NAME = Complication;
				CLANG_ENABLE_MODULES = YES;
				CODE_SIGN_ENTITLEMENTS = "Healthy Rush WatchApp Extension/Healthy Rush WatchApp Extension.entitlements";
				CODE_SIGN_STYLE = Automatic;
				DEVELOPMENT_TEAM = 86RN233R34;
				INFOPLIST_FILE = "Healthy Rush WatchApp Extension/Info.plist";
				LD_RUNPATH_SEARCH_PATHS = (
					"$(inherited)",
					"@executable_path/Frameworks",
					"@executable_path/../../Frameworks",
				);
				PRODUCT_BUNDLE_IDENTIFIER = "it.mario.Healthy-Rush.watchkitapp.watchkitextension";
				PRODUCT_NAME = "${TARGET_NAME}";
				SDKROOT = watchos;
				SKIP_INSTALL = YES;
				SWIFT_VERSION = 5.0;
				TARGETED_DEVICE_FAMILY = 4;
				WATCHOS_DEPLOYMENT_TARGET = 7.2;
			};
			name = Release;
		};
		CC59DED225D486DC0089C664 /* Debug */ = {
			isa = XCBuildConfiguration;
			buildSettings = {
				ALWAYS_SEARCH_USER_PATHS = NO;
				CLANG_ANALYZER_NONNULL = YES;
				CLANG_ANALYZER_NUMBER_OBJECT_CONVERSION = YES_AGGRESSIVE;
				CLANG_CXX_LANGUAGE_STANDARD = "gnu++14";
				CLANG_CXX_LIBRARY = "libc++";
				CLANG_ENABLE_MODULES = YES;
				CLANG_ENABLE_OBJC_ARC = YES;
				CLANG_ENABLE_OBJC_WEAK = YES;
				CLANG_WARN_BLOCK_CAPTURE_AUTORELEASING = YES;
				CLANG_WARN_BOOL_CONVERSION = YES;
				CLANG_WARN_COMMA = YES;
				CLANG_WARN_CONSTANT_CONVERSION = YES;
				CLANG_WARN_DEPRECATED_OBJC_IMPLEMENTATIONS = YES;
				CLANG_WARN_DIRECT_OBJC_ISA_USAGE = YES_ERROR;
				CLANG_WARN_DOCUMENTATION_COMMENTS = YES;
				CLANG_WARN_EMPTY_BODY = YES;
				CLANG_WARN_ENUM_CONVERSION = YES;
				CLANG_WARN_INFINITE_RECURSION = YES;
				CLANG_WARN_INT_CONVERSION = YES;
				CLANG_WARN_NON_LITERAL_NULL_CONVERSION = YES;
				CLANG_WARN_OBJC_IMPLICIT_RETAIN_SELF = YES;
				CLANG_WARN_OBJC_LITERAL_CONVERSION = YES;
				CLANG_WARN_OBJC_ROOT_CLASS = YES_ERROR;
				CLANG_WARN_QUOTED_INCLUDE_IN_FRAMEWORK_HEADER = YES;
				CLANG_WARN_RANGE_LOOP_ANALYSIS = YES;
				CLANG_WARN_STRICT_PROTOTYPES = YES;
				CLANG_WARN_SUSPICIOUS_MOVE = YES;
				CLANG_WARN_UNGUARDED_AVAILABILITY = YES_AGGRESSIVE;
				CLANG_WARN_UNREACHABLE_CODE = YES;
				CLANG_WARN__DUPLICATE_METHOD_MATCH = YES;
				COPY_PHASE_STRIP = NO;
				DEBUG_INFORMATION_FORMAT = dwarf;
				ENABLE_STRICT_OBJC_MSGSEND = YES;
				ENABLE_TESTABILITY = YES;
				GCC_C_LANGUAGE_STANDARD = gnu11;
				GCC_DYNAMIC_NO_PIC = NO;
				GCC_NO_COMMON_BLOCKS = YES;
				GCC_OPTIMIZATION_LEVEL = 0;
				GCC_PREPROCESSOR_DEFINITIONS = (
					"DEBUG=1",
					"$(inherited)",
				);
				GCC_WARN_64_TO_32_BIT_CONVERSION = YES;
				GCC_WARN_ABOUT_RETURN_TYPE = YES_ERROR;
				GCC_WARN_UNDECLARED_SELECTOR = YES;
				GCC_WARN_UNINITIALIZED_AUTOS = YES_AGGRESSIVE;
				GCC_WARN_UNUSED_FUNCTION = YES;
				GCC_WARN_UNUSED_VARIABLE = YES;
				IPHONEOS_DEPLOYMENT_TARGET = 14.4;
				MTL_ENABLE_DEBUG_INFO = INCLUDE_SOURCE;
				MTL_FAST_MATH = YES;
				ONLY_ACTIVE_ARCH = YES;
				SDKROOT = iphoneos;
				SWIFT_ACTIVE_COMPILATION_CONDITIONS = DEBUG;
				SWIFT_OPTIMIZATION_LEVEL = "-Onone";
			};
			name = Debug;
		};
		CC59DED325D486DC0089C664 /* Release */ = {
			isa = XCBuildConfiguration;
			buildSettings = {
				ALWAYS_SEARCH_USER_PATHS = NO;
				CLANG_ANALYZER_NONNULL = YES;
				CLANG_ANALYZER_NUMBER_OBJECT_CONVERSION = YES_AGGRESSIVE;
				CLANG_CXX_LANGUAGE_STANDARD = "gnu++14";
				CLANG_CXX_LIBRARY = "libc++";
				CLANG_ENABLE_MODULES = YES;
				CLANG_ENABLE_OBJC_ARC = YES;
				CLANG_ENABLE_OBJC_WEAK = YES;
				CLANG_WARN_BLOCK_CAPTURE_AUTORELEASING = YES;
				CLANG_WARN_BOOL_CONVERSION = YES;
				CLANG_WARN_COMMA = YES;
				CLANG_WARN_CONSTANT_CONVERSION = YES;
				CLANG_WARN_DEPRECATED_OBJC_IMPLEMENTATIONS = YES;
				CLANG_WARN_DIRECT_OBJC_ISA_USAGE = YES_ERROR;
				CLANG_WARN_DOCUMENTATION_COMMENTS = YES;
				CLANG_WARN_EMPTY_BODY = YES;
				CLANG_WARN_ENUM_CONVERSION = YES;
				CLANG_WARN_INFINITE_RECURSION = YES;
				CLANG_WARN_INT_CONVERSION = YES;
				CLANG_WARN_NON_LITERAL_NULL_CONVERSION = YES;
				CLANG_WARN_OBJC_IMPLICIT_RETAIN_SELF = YES;
				CLANG_WARN_OBJC_LITERAL_CONVERSION = YES;
				CLANG_WARN_OBJC_ROOT_CLASS = YES_ERROR;
				CLANG_WARN_QUOTED_INCLUDE_IN_FRAMEWORK_HEADER = YES;
				CLANG_WARN_RANGE_LOOP_ANALYSIS = YES;
				CLANG_WARN_STRICT_PROTOTYPES = YES;
				CLANG_WARN_SUSPICIOUS_MOVE = YES;
				CLANG_WARN_UNGUARDED_AVAILABILITY = YES_AGGRESSIVE;
				CLANG_WARN_UNREACHABLE_CODE = YES;
				CLANG_WARN__DUPLICATE_METHOD_MATCH = YES;
				COPY_PHASE_STRIP = NO;
				DEBUG_INFORMATION_FORMAT = "dwarf-with-dsym";
				ENABLE_NS_ASSERTIONS = NO;
				ENABLE_STRICT_OBJC_MSGSEND = YES;
				GCC_C_LANGUAGE_STANDARD = gnu11;
				GCC_NO_COMMON_BLOCKS = YES;
				GCC_WARN_64_TO_32_BIT_CONVERSION = YES;
				GCC_WARN_ABOUT_RETURN_TYPE = YES_ERROR;
				GCC_WARN_UNDECLARED_SELECTOR = YES;
				GCC_WARN_UNINITIALIZED_AUTOS = YES_AGGRESSIVE;
				GCC_WARN_UNUSED_FUNCTION = YES;
				GCC_WARN_UNUSED_VARIABLE = YES;
				IPHONEOS_DEPLOYMENT_TARGET = 14.4;
				MTL_ENABLE_DEBUG_INFO = NO;
				MTL_FAST_MATH = YES;
				SDKROOT = iphoneos;
				SWIFT_COMPILATION_MODE = wholemodule;
				SWIFT_OPTIMIZATION_LEVEL = "-O";
				VALIDATE_PRODUCT = YES;
			};
			name = Release;
		};
		CC59DED525D486DC0089C664 /* Debug */ = {
			isa = XCBuildConfiguration;
			baseConfigurationReference = 54687C9068215E0E08B8375C /* Pods-Healthy Rush.debug.xcconfig */;
			buildSettings = {
				ASSETCATALOG_COMPILER_APPICON_NAME = AppIcon;
				ASSETCATALOG_COMPILER_GLOBAL_ACCENT_COLOR_NAME = AccentColor;
				CODE_SIGN_ENTITLEMENTS = "Healthy Rush/Healthy Rush.entitlements";
				CODE_SIGN_STYLE = Automatic;
				DEVELOPMENT_TEAM = 86RN233R34;
				INFOPLIST_FILE = "Healthy Rush/Resources/Info.plist";
				IPHONEOS_DEPLOYMENT_TARGET = 14.3;
				LD_RUNPATH_SEARCH_PATHS = (
					"$(inherited)",
					"@executable_path/Frameworks",
				);
				MARKETING_VERSION = 1.0;
				PRODUCT_BUNDLE_IDENTIFIER = "it.mario.Healthy-Rush";
				PRODUCT_NAME = "$(TARGET_NAME)";
				SWIFT_VERSION = 5.0;
				TARGETED_DEVICE_FAMILY = "1,2";
			};
			name = Debug;
		};
		CC59DED625D486DC0089C664 /* Release */ = {
			isa = XCBuildConfiguration;
			baseConfigurationReference = D5B3573A8A87ED176D286262 /* Pods-Healthy Rush.release.xcconfig */;
			buildSettings = {
				ASSETCATALOG_COMPILER_APPICON_NAME = AppIcon;
				ASSETCATALOG_COMPILER_GLOBAL_ACCENT_COLOR_NAME = AccentColor;
				CODE_SIGN_ENTITLEMENTS = "Healthy Rush/Healthy Rush.entitlements";
				CODE_SIGN_STYLE = Automatic;
				DEVELOPMENT_TEAM = 86RN233R34;
				INFOPLIST_FILE = "Healthy Rush/Resources/Info.plist";
				IPHONEOS_DEPLOYMENT_TARGET = 14.3;
				LD_RUNPATH_SEARCH_PATHS = (
					"$(inherited)",
					"@executable_path/Frameworks",
				);
				MARKETING_VERSION = 1.0;
				PRODUCT_BUNDLE_IDENTIFIER = "it.mario.Healthy-Rush";
				PRODUCT_NAME = "$(TARGET_NAME)";
				SWIFT_VERSION = 5.0;
				TARGETED_DEVICE_FAMILY = "1,2";
			};
			name = Release;
		};
/* End XCBuildConfiguration section */

/* Begin XCConfigurationList section */
		62B125E625DEE04500B7471E /* Build configuration list for PBXNativeTarget "Healthy Rush WatchApp Extension" */ = {
			isa = XCConfigurationList;
			buildConfigurations = (
				62B125E425DEE04500B7471E /* Debug */,
				62B125E525DEE04500B7471E /* Release */,
			);
			defaultConfigurationIsVisible = 0;
			defaultConfigurationName = Release;
		};
		62B125E725DEE04500B7471E /* Build configuration list for PBXNativeTarget "Healthy Rush WatchApp" */ = {
			isa = XCConfigurationList;
			buildConfigurations = (
				62B125E125DEE04500B7471E /* Debug */,
				62B125E225DEE04500B7471E /* Release */,
			);
			defaultConfigurationIsVisible = 0;
			defaultConfigurationName = Release;
		};
		CC59DEBA25D486DB0089C664 /* Build configuration list for PBXProject "Healthy Rush" */ = {
			isa = XCConfigurationList;
			buildConfigurations = (
				CC59DED225D486DC0089C664 /* Debug */,
				CC59DED325D486DC0089C664 /* Release */,
			);
			defaultConfigurationIsVisible = 0;
			defaultConfigurationName = Release;
		};
		CC59DED425D486DC0089C664 /* Build configuration list for PBXNativeTarget "Healthy Rush" */ = {
			isa = XCConfigurationList;
			buildConfigurations = (
				CC59DED525D486DC0089C664 /* Debug */,
				CC59DED625D486DC0089C664 /* Release */,
			);
			defaultConfigurationIsVisible = 0;
			defaultConfigurationName = Release;
		};
/* End XCConfigurationList section */
	};
	rootObject = CC59DEB725D486DB0089C664 /* Project object */;
}
